
Microsoft Visual Studio Solution File, Format Version 12.00
# Visual Studio Version 17
VisualStudioVersion = 17.0.31903.59
MinimumVisualStudioVersion = 10.0.40219.1
Project("{FAE04EC0-301F-11D3-BF4B-00C04F79EFBC}") = "API", "API\API.csproj", "{BDAA6603-F19C-4182-8D49-A1D6C6324D70}"
EndProject
Project("{FAE04EC0-301F-11D3-BF4B-00C04F79EFBC}") = "Application", "Application\Application.csproj", "{3CF2B689-2D49-41D0-BB13-AF4AF537B8E1}"
EndProject
Project("{FAE04EC0-301F-11D3-BF4B-00C04F79EFBC}") = "Domain", "Domain\Domain.csproj", "{0F7EB6F4-54A0-4140-B82D-9F908E59C803}"
EndProject
Project("{FAE04EC0-301F-11D3-BF4B-00C04F79EFBC}") = "Persistence", "Persistence\Persistence.csproj", "{C9D72042-2714-4338-AD6C-5FC0D51E1E7E}"
EndProject
Global
	GlobalSection(SolutionConfigurationPlatforms) = preSolution
		Debug|Any CPU = Debug|Any CPU
		Release|Any CPU = Release|Any CPU
	EndGlobalSection
	GlobalSection(SolutionProperties) = preSolution
		HideSolutionNode = FALSE
	EndGlobalSection
	GlobalSection(ProjectConfigurationPlatforms) = postSolution
		{BDAA6603-F19C-4182-8D49-A1D6C6324D70}.Debug|Any CPU.ActiveCfg = Debug|Any CPU
		{BDAA6603-F19C-4182-8D49-A1D6C6324D70}.Debug|Any CPU.Build.0 = Debug|Any CPU
		{BDAA6603-F19C-4182-8D49-A1D6C6324D70}.Release|Any CPU.ActiveCfg = Release|Any CPU
		{BDAA6603-F19C-4182-8D49-A1D6C6324D70}.Release|Any CPU.Build.0 = Release|Any CPU
		{3CF2B689-2D49-41D0-BB13-AF4AF537B8E1}.Debug|Any CPU.ActiveCfg = Debug|Any CPU
		{3CF2B689-2D49-41D0-BB13-AF4AF537B8E1}.Debug|Any CPU.Build.0 = Debug|Any CPU
		{3CF2B689-2D49-41D0-BB13-AF4AF537B8E1}.Release|Any CPU.ActiveCfg = Release|Any CPU
		{3CF2B689-2D49-41D0-BB13-AF4AF537B8E1}.Release|Any CPU.Build.0 = Release|Any CPU
		{0F7EB6F4-54A0-4140-B82D-9F908E59C803}.Debug|Any CPU.ActiveCfg = Debug|Any CPU
		{0F7EB6F4-54A0-4140-B82D-9F908E59C803}.Debug|Any CPU.Build.0 = Debug|Any CPU
		{0F7EB6F4-54A0-4140-B82D-9F908E59C803}.Release|Any CPU.ActiveCfg = Release|Any CPU
		{0F7EB6F4-54A0-4140-B82D-9F908E59C803}.Release|Any CPU.Build.0 = Release|Any CPU
		{C9D72042-2714-4338-AD6C-5FC0D51E1E7E}.Debug|Any CPU.ActiveCfg = Debug|Any CPU
		{C9D72042-2714-4338-AD6C-5FC0D51E1E7E}.Debug|Any CPU.Build.0 = Debug|Any CPU
		{C9D72042-2714-4338-AD6C-5FC0D51E1E7E}.Release|Any CPU.ActiveCfg = Release|Any CPU
		{C9D72042-2714-4338-AD6C-5FC0D51E1E7E}.Release|Any CPU.Build.0 = Release|Any CPU
	EndGlobalSection
EndGlobal
